
Microsoft Visual Studio Solution File, Format Version 12.00
# Visual Studio Version 16
VisualStudioVersion = 16.0.31005.135
MinimumVisualStudioVersion = 10.0.40219.1
Project("{9A19103F-16F7-4668-BE54-9A1E7A4F7556}") = "PersonalSite", "PersonalSite.csproj", "{0EE5B38C-727E-41A9-9A1F-B41CCA16F5EE}"
EndProject
Global
	GlobalSection(SolutionConfigurationPlatforms) = preSolution
		Debug|Any CPU = Debug|Any CPU
		Release|Any CPU = Release|Any CPU
	EndGlobalSection
	GlobalSection(ProjectConfigurationPlatforms) = postSolution
		{0EE5B38C-727E-41A9-9A1F-B41CCA16F5EE}.Debug|Any CPU.ActiveCfg = Debug|Any CPU
		{0EE5B38C-727E-41A9-9A1F-B41CCA16F5EE}.Debug|Any CPU.Build.0 = Debug|Any CPU
		{0EE5B38C-727E-41A9-9A1F-B41CCA16F5EE}.Release|Any CPU.ActiveCfg = Release|Any CPU
		{0EE5B38C-727E-41A9-9A1F-B41CCA16F5EE}.Release|Any CPU.Build.0 = Release|Any CPU
	EndGlobalSection
	GlobalSection(SolutionProperties) = preSolution
		HideSolutionNode = FALSE
	EndGlobalSection
	GlobalSection(ExtensibilityGlobals) = postSolution
		SolutionGuid = {A3231C90-602E-4041-B8BE-C05988764D59}
	EndGlobalSection
EndGlobal
